
Microsoft Visual Studio Solution File, Format Version 12.00
# Visual Studio Version 17
VisualStudioVersion = 17.4.33403.182
MinimumVisualStudioVersion = 10.0.40219.1
Project("{9A19103F-16F7-4668-BE54-9A1E7A4F7556}") = "BankSystem.Domain", "BankService.Domain\BankSystem.Domain.csproj", "{BB1B41CE-188C-42D6-A443-115DCFA0D130}"
EndProject
Project("{9A19103F-16F7-4668-BE54-9A1E7A4F7556}") = "BankSystem.App", "BankSystem.App\BankSystem.App.csproj", "{794E74FD-9266-4A8A-8307-EAA2E30CD9E6}"
EndProject
Project("{2150E333-8FDC-42A3-9474-1A3956D46DE8}") = "Infrastructure", "Infrastructure", "{9AEE8368-1254-47E7-9832-9BDBCE2524BA}"
EndProject
Project("{2150E333-8FDC-42A3-9474-1A3956D46DE8}") = "Application", "Application", "{CC271144-5ECE-400C-940D-6D217FA67FEB}"
EndProject
Project("{2150E333-8FDC-42A3-9474-1A3956D46DE8}") = "Domain", "Domain", "{933E8773-5E64-4421-ADCD-90914F2DA2B7}"
EndProject
Project("{9A19103F-16F7-4668-BE54-9A1E7A4F7556}") = "BankSystem.Domain.Tests", "BankSystem.Domain.Test\BankSystem.Domain.Tests.csproj", "{C0985D2E-0DB3-45B6-A0C6-B236D529B9F9}"
EndProject
Project("{9A19103F-16F7-4668-BE54-9A1E7A4F7556}") = "BankSystem.API", "BankSystem.API\BankSystem.API.csproj", "{E157F25E-4AA9-48DE-975D-2BF29506C79A}"
EndProject
Project("{9A19103F-16F7-4668-BE54-9A1E7A4F7556}") = "BankSystem.App.Tests", "BankSystem.App.Tests\BankSystem.App.Tests.csproj", "{62E25F90-DF26-40B7-9931-1FD11C0CBCA9}"
EndProject
Project("{9A19103F-16F7-4668-BE54-9A1E7A4F7556}") = "BankSystem.Infrastructure.Test", "BankSystem.Infrastructure.Test\BankSystem.Infrastructure.Test.csproj", "{207FC2C4-F46E-4858-8044-5FF5F1967FED}"
EndProject
Project("{FAE04EC0-301F-11D3-BF4B-00C04F79EFBC}") = "Notification", "Notification\Notification.csproj", "{F7E0A2DB-C008-446A-A787-C951ED7E564B}"
EndProject
Project("{FAE04EC0-301F-11D3-BF4B-00C04F79EFBC}") = "Contracts", "Contracts\Contracts.csproj", "{10BC9AFB-0602-4695-A08D-4B1294510CD8}"
EndProject
Global
	GlobalSection(SolutionConfigurationPlatforms) = preSolution
		Debug|Any CPU = Debug|Any CPU
		Release|Any CPU = Release|Any CPU
	EndGlobalSection
	GlobalSection(ProjectConfigurationPlatforms) = postSolution
		{BB1B41CE-188C-42D6-A443-115DCFA0D130}.Debug|Any CPU.ActiveCfg = Debug|Any CPU
		{BB1B41CE-188C-42D6-A443-115DCFA0D130}.Debug|Any CPU.Build.0 = Debug|Any CPU
		{BB1B41CE-188C-42D6-A443-115DCFA0D130}.Release|Any CPU.ActiveCfg = Release|Any CPU
		{BB1B41CE-188C-42D6-A443-115DCFA0D130}.Release|Any CPU.Build.0 = Release|Any CPU
		{794E74FD-9266-4A8A-8307-EAA2E30CD9E6}.Debug|Any CPU.ActiveCfg = Debug|Any CPU
		{794E74FD-9266-4A8A-8307-EAA2E30CD9E6}.Debug|Any CPU.Build.0 = Debug|Any CPU
		{794E74FD-9266-4A8A-8307-EAA2E30CD9E6}.Release|Any CPU.ActiveCfg = Release|Any CPU
		{794E74FD-9266-4A8A-8307-EAA2E30CD9E6}.Release|Any CPU.Build.0 = Release|Any CPU
		{C0985D2E-0DB3-45B6-A0C6-B236D529B9F9}.Debug|Any CPU.ActiveCfg = Debug|Any CPU
		{C0985D2E-0DB3-45B6-A0C6-B236D529B9F9}.Debug|Any CPU.Build.0 = Debug|Any CPU
		{C0985D2E-0DB3-45B6-A0C6-B236D529B9F9}.Release|Any CPU.ActiveCfg = Release|Any CPU
		{C0985D2E-0DB3-45B6-A0C6-B236D529B9F9}.Release|Any CPU.Build.0 = Release|Any CPU
		{E157F25E-4AA9-48DE-975D-2BF29506C79A}.Debug|Any CPU.ActiveCfg = Debug|Any CPU
		{E157F25E-4AA9-48DE-975D-2BF29506C79A}.Debug|Any CPU.Build.0 = Debug|Any CPU
		{E157F25E-4AA9-48DE-975D-2BF29506C79A}.Release|Any CPU.ActiveCfg = Release|Any CPU
		{E157F25E-4AA9-48DE-975D-2BF29506C79A}.Release|Any CPU.Build.0 = Release|Any CPU
		{62E25F90-DF26-40B7-9931-1FD11C0CBCA9}.Debug|Any CPU.ActiveCfg = Debug|Any CPU
		{62E25F90-DF26-40B7-9931-1FD11C0CBCA9}.Debug|Any CPU.Build.0 = Debug|Any CPU
		{62E25F90-DF26-40B7-9931-1FD11C0CBCA9}.Release|Any CPU.ActiveCfg = Release|Any CPU
		{62E25F90-DF26-40B7-9931-1FD11C0CBCA9}.Release|Any CPU.Build.0 = Release|Any CPU
		{207FC2C4-F46E-4858-8044-5FF5F1967FED}.Debug|Any CPU.ActiveCfg = Debug|Any CPU
		{207FC2C4-F46E-4858-8044-5FF5F1967FED}.Debug|Any CPU.Build.0 = Debug|Any CPU
		{207FC2C4-F46E-4858-8044-5FF5F1967FED}.Release|Any CPU.ActiveCfg = Release|Any CPU
		{207FC2C4-F46E-4858-8044-5FF5F1967FED}.Release|Any CPU.Build.0 = Release|Any CPU
		{F7E0A2DB-C008-446A-A787-C951ED7E564B}.Debug|Any CPU.ActiveCfg = Debug|Any CPU
		{F7E0A2DB-C008-446A-A787-C951ED7E564B}.Debug|Any CPU.Build.0 = Debug|Any CPU
		{F7E0A2DB-C008-446A-A787-C951ED7E564B}.Release|Any CPU.ActiveCfg = Release|Any CPU
		{F7E0A2DB-C008-446A-A787-C951ED7E564B}.Release|Any CPU.Build.0 = Release|Any CPU
		{10BC9AFB-0602-4695-A08D-4B1294510CD8}.Debug|Any CPU.ActiveCfg = Debug|Any CPU
		{10BC9AFB-0602-4695-A08D-4B1294510CD8}.Debug|Any CPU.Build.0 = Debug|Any CPU
		{10BC9AFB-0602-4695-A08D-4B1294510CD8}.Release|Any CPU.ActiveCfg = Release|Any CPU
		{10BC9AFB-0602-4695-A08D-4B1294510CD8}.Release|Any CPU.Build.0 = Release|Any CPU
	EndGlobalSection
	GlobalSection(SolutionProperties) = preSolution
		HideSolutionNode = FALSE
	EndGlobalSection
	GlobalSection(NestedProjects) = preSolution
		{BB1B41CE-188C-42D6-A443-115DCFA0D130} = {933E8773-5E64-4421-ADCD-90914F2DA2B7}
		{794E74FD-9266-4A8A-8307-EAA2E30CD9E6} = {CC271144-5ECE-400C-940D-6D217FA67FEB}
		{C0985D2E-0DB3-45B6-A0C6-B236D529B9F9} = {933E8773-5E64-4421-ADCD-90914F2DA2B7}
		{E157F25E-4AA9-48DE-975D-2BF29506C79A} = {9AEE8368-1254-47E7-9832-9BDBCE2524BA}
		{62E25F90-DF26-40B7-9931-1FD11C0CBCA9} = {CC271144-5ECE-400C-940D-6D217FA67FEB}
		{207FC2C4-F46E-4858-8044-5FF5F1967FED} = {9AEE8368-1254-47E7-9832-9BDBCE2524BA}
		{F7E0A2DB-C008-446A-A787-C951ED7E564B} = {9AEE8368-1254-47E7-9832-9BDBCE2524BA}
	EndGlobalSection
	GlobalSection(ExtensibilityGlobals) = postSolution
		SolutionGuid = {6FF15F96-FB85-40FC-B8A8-FF52B166A489}
	EndGlobalSection
EndGlobal
